%{"bunt": {:hex, :bunt, "0.2.0", "951c6e801e8b1d2cbe58ebbd3e616a869061ddadcc4863d0a2182541acae9a38", [], [], "hexpm"},
  "credo": {:hex, :credo, "0.8.8", "990e7844a8d06ebacd88744a55853a83b74270b8a8461c55a4d0334b8e1736c9", [], [{:bunt, "~> 0.2.0", [hex: :bunt, repo: "hexpm", optional: false]}], "hexpm"},
  "dialyxir": {:hex, :dialyxir, "0.5.1", "b331b091720fd93e878137add264bac4f644e1ddae07a70bf7062c7862c4b952", [], [], "hexpm"},
  "earmark": {:hex, :earmark, "1.2.3", "206eb2e2ac1a794aa5256f3982de7a76bf4579ff91cb28d0e17ea2c9491e46a4", [], [], "hexpm"},
  "ex_doc": {:hex, :ex_doc, "0.18.1", "37c69d2ef62f24928c1f4fdc7c724ea04aecfdf500c4329185f8e3649c915baf", [:mix], [{:earmark, "~> 1.1", [hex: :earmark, repo: "hexpm", optional: false]}], "hexpm"},
  "hamcrest": {:hex, :basho_hamcrest, "0.4.1", "fb7b2c92d252a1e9db936750b86089addaebeb8f87967fb4bbdda61e8863338e", [], [], "hexpm"},
  "riak_pb": {:hex, :riak_pb, "2.3.2", "48ffbf66dbb3f136ab9a7134bac4e496754baa5ef58c4f50a61326736d996390", [], [{:hamcrest, "~> 0.4.1", [hex: :basho_hamcrest, repo: "hexpm", optional: false]}], "hexpm"},
  "riakc": {:hex, :riakc, "2.5.3", "6132d9e687a0dfd314b2b24c4594302ca8b55568a5d733c491d8fb6cd4004763", [], [{:riak_pb, "~> 2.3", [hex: :riak_pb, repo: "hexpm", optional: false]}], "hexpm"}}
